
Microsoft Visual Studio Solution File, Format Version 12.00
# Visual Studio 15
VisualStudioVersion = 15.0.27130.2024
MinimumVisualStudioVersion = 10.0.40219.1
Project("{888888A0-9F3D-457C-B088-3A5042F75D52}") = "BreadthFirst", "BreadthFirst\BreadthFirst.pyproj", "{A53A9064-4A9E-4940-AA69-2903E195351B}"
EndProject
Global
	GlobalSection(SolutionConfigurationPlatforms) = preSolution
		Debug|Any CPU = Debug|Any CPU
		Release|Any CPU = Release|Any CPU
	EndGlobalSection
	GlobalSection(ProjectConfigurationPlatforms) = postSolution
		{A53A9064-4A9E-4940-AA69-2903E195351B}.Debug|Any CPU.ActiveCfg = Debug|Any CPU
		{A53A9064-4A9E-4940-AA69-2903E195351B}.Release|Any CPU.ActiveCfg = Release|Any CPU
	EndGlobalSection
	GlobalSection(SolutionProperties) = preSolution
		HideSolutionNode = FALSE
	EndGlobalSection
	GlobalSection(ExtensibilityGlobals) = postSolution
		SolutionGuid = {3C8C6BFB-3540-406A-BE4A-FA3C07839EB8}
	EndGlobalSection
EndGlobal
